// !$*UTF8*$!
{
	archiveVersion = 1;
	classes = {
	};
	objectVersion = 48;
	objects = {

/* Begin PBXBuildFile section */
		13DC40EE9385DFD351653303 /* Pods_dddd.framework in Frameworks */ = {isa = PBXBuildFile; fileRef = 67B1459F56A4E165A45B79BF /* Pods_dddd.framework */; };
		D00AA23F2058FDA000F4C5E9 /* StudentSDK.framework in Frameworks */ = {isa = PBXBuildFile; fileRef = D00AA23E2058FDA000F4C5E9 /* StudentSDK.framework */; };
		D00AA2402058FDAC00F4C5E9 /* StudentSDK.framework in Frameworks */ = {isa = PBXBuildFile; fileRef = D00AA23E2058FDA000F4C5E9 /* StudentSDK.framework */; };
		D00AA2412058FDAC00F4C5E9 /* StudentSDK.framework in Embed Frameworks */ = {isa = PBXBuildFile; fileRef = D00AA23E2058FDA000F4C5E9 /* StudentSDK.framework */; settings = {ATTRIBUTES = (CodeSignOnCopy, RemoveHeadersOnCopy, ); }; };
		D00D32BF2057AA7700908B7B /* AppDelegate.swift in Sources */ = {isa = PBXBuildFile; fileRef = D00D32BE2057AA7700908B7B /* AppDelegate.swift */; };
		D00D32C42057AA7700908B7B /* Main.storyboard in Resources */ = {isa = PBXBuildFile; fileRef = D00D32C22057AA7700908B7B /* Main.storyboard */; };
		D00D32C62057AA7700908B7B /* Assets.xcassets in Resources */ = {isa = PBXBuildFile; fileRef = D00D32C52057AA7700908B7B /* Assets.xcassets */; };
		D00D32C92057AA7700908B7B /* LaunchScreen.storyboard in Resources */ = {isa = PBXBuildFile; fileRef = D00D32C72057AA7700908B7B /* LaunchScreen.storyboard */; };
		D00D33342057B60400908B7B /* MainVC.swift in Sources */ = {isa = PBXBuildFile; fileRef = D00D33332057B60400908B7B /* MainVC.swift */; };
/* End PBXBuildFile section */

/* Begin PBXCopyFilesBuildPhase section */
		D00D333E2057BB6200908B7B /* Embed Frameworks */ = {
			isa = PBXCopyFilesBuildPhase;
			buildActionMask = 2147483647;
			dstPath = "";
			dstSubfolderSpec = 10;
			files = (
				D00AA2412058FDAC00F4C5E9 /* StudentSDK.framework in Embed Frameworks */,
			);
			name = "Embed Frameworks";
			runOnlyForDeploymentPostprocessing = 0;
		};
		D0EBEAE62057C2CC009CB910 /* CopyFiles */ = {
			isa = PBXCopyFilesBuildPhase;
			buildActionMask = 2147483647;
			dstPath = "";
			dstSubfolderSpec = 10;
			files = (
			);
			runOnlyForDeploymentPostprocessing = 0;
		};
/* End PBXCopyFilesBuildPhase section */

/* Begin PBXFileReference section */
		4D3E8A212AB1BA57D584A78C /* Pods-dddd.release.xcconfig */ = {isa = PBXFileReference; includeInIndex = 1; lastKnownFileType = text.xcconfig; name = "Pods-dddd.release.xcconfig"; path = "Pods/Target Support Files/Pods-dddd/Pods-dddd.release.xcconfig"; sourceTree = "<group>"; };
		67B1459F56A4E165A45B79BF /* Pods_dddd.framework */ = {isa = PBXFileReference; explicitFileType = wrapper.framework; includeInIndex = 0; path = Pods_dddd.framework; sourceTree = BUILT_PRODUCTS_DIR; };
		BBC913D71C9B0D0EC905D269 /* Pods-dddd.debug.xcconfig */ = {isa = PBXFileReference; includeInIndex = 1; lastKnownFileType = text.xcconfig; name = "Pods-dddd.debug.xcconfig"; path = "Pods/Target Support Files/Pods-dddd/Pods-dddd.debug.xcconfig"; sourceTree = "<group>"; };
		D00AA23E2058FDA000F4C5E9 /* StudentSDK.framework */ = {isa = PBXFileReference; lastKnownFileType = wrapper.framework; path = StudentSDK.framework; sourceTree = "<group>"; };
		D00D32BB2057AA7700908B7B /* dddd.app */ = {isa = PBXFileReference; explicitFileType = wrapper.application; includeInIndex = 0; path = dddd.app; sourceTree = BUILT_PRODUCTS_DIR; };
		D00D32BE2057AA7700908B7B /* AppDelegate.swift */ = {isa = PBXFileReference; lastKnownFileType = sourcecode.swift; path = AppDelegate.swift; sourceTree = "<group>"; };
		D00D32C32057AA7700908B7B /* Base */ = {isa = PBXFileReference; lastKnownFileType = file.storyboard; name = Base; path = Base.lproj/Main.storyboard; sourceTree = "<group>"; };
		D00D32C52057AA7700908B7B /* Assets.xcassets */ = {isa = PBXFileReference; lastKnownFileType = folder.assetcatalog; path = Assets.xcassets; sourceTree = "<group>"; };
		D00D32C82057AA7700908B7B /* Base */ = {isa = PBXFileReference; lastKnownFileType = file.storyboard; name = Base; path = Base.lproj/LaunchScreen.storyboard; sourceTree = "<group>"; };
		D00D32CA2057AA7700908B7B /* Info.plist */ = {isa = PBXFileReference; lastKnownFileType = text.plist.xml; path = Info.plist; sourceTree = "<group>"; };
		D00D33332057B60400908B7B /* MainVC.swift */ = {isa = PBXFileReference; lastKnownFileType = sourcecode.swift; path = MainVC.swift; sourceTree = "<group>"; };
/* End PBXFileReference section */

/* Begin PBXFrameworksBuildPhase section */
		D00D32B82057AA7700908B7B /* Frameworks */ = {
			isa = PBXFrameworksBuildPhase;
			buildActionMask = 2147483647;
			files = (
				13DC40EE9385DFD351653303 /* Pods_dddd.framework in Frameworks */,
				D00AA23F2058FDA000F4C5E9 /* StudentSDK.framework in Frameworks */,
				D00AA2402058FDAC00F4C5E9 /* StudentSDK.framework in Frameworks */,
			);
			runOnlyForDeploymentPostprocessing = 0;
		};
/* End PBXFrameworksBuildPhase section */

/* Begin PBXGroup section */
		61F253DF7210A87522B9C47F /* Frameworks */ = {
			isa = PBXGroup;
			children = (
				67B1459F56A4E165A45B79BF /* Pods_dddd.framework */,
			);
			name = Frameworks;
			sourceTree = "<group>";
		};
		8A1BBCEBEC87D7732FF8AD73 /* Pods */ = {
			isa = PBXGroup;
			children = (
				BBC913D71C9B0D0EC905D269 /* Pods-dddd.debug.xcconfig */,
				4D3E8A212AB1BA57D584A78C /* Pods-dddd.release.xcconfig */,
			);
			name = Pods;
			sourceTree = "<group>";
		};
		D00D32B22057AA7700908B7B = {
			isa = PBXGroup;
			children = (
				D00D32BD2057AA7700908B7B /* dddd */,
				D00D32BC2057AA7700908B7B /* Products */,
				8A1BBCEBEC87D7732FF8AD73 /* Pods */,
				61F253DF7210A87522B9C47F /* Frameworks */,
			);
			sourceTree = "<group>";
		};
		D00D32BC2057AA7700908B7B /* Products */ = {
			isa = PBXGroup;
			children = (
				D00D32BB2057AA7700908B7B /* dddd.app */,
			);
			name = Products;
			sourceTree = "<group>";
		};
		D00D32BD2057AA7700908B7B /* dddd */ = {
			isa = PBXGroup;
			children = (
				D00AA23E2058FDA000F4C5E9 /* StudentSDK.framework */,
				D00D32BE2057AA7700908B7B /* AppDelegate.swift */,
				D00D32C22057AA7700908B7B /* Main.storyboard */,
				D00D32C52057AA7700908B7B /* Assets.xcassets */,
				D00D32C72057AA7700908B7B /* LaunchScreen.storyboard */,
				D00D32CA2057AA7700908B7B /* Info.plist */,
				D00D33332057B60400908B7B /* MainVC.swift */,
			);
			path = dddd;
			sourceTree = "<group>";
		};
/* End PBXGroup section */

/* Begin PBXNativeTarget section */
		D00D32BA2057AA7700908B7B /* dddd */ = {
			isa = PBXNativeTarget;
			buildConfigurationList = D00D32CD2057AA7700908B7B /* Build configuration list for PBXNativeTarget "dddd" */;
			buildPhases = (
				7BF2DA990880A2F0CBDD7E0E /* [CP] Check Pods Manifest.lock */,
				D00D32B72057AA7700908B7B /* Sources */,
				D00D32B82057AA7700908B7B /* Frameworks */,
				D00D32B92057AA7700908B7B /* Resources */,
				2610F9C9F1EBC5C38517771E /* [CP] Embed Pods Frameworks */,
				C8D712CA2D28F644A9BC6F44 /* [CP] Copy Pods Resources */,
				D00D333E2057BB6200908B7B /* Embed Frameworks */,
				D0EBEAE62057C2CC009CB910 /* CopyFiles */,
			);
			buildRules = (
			);
			dependencies = (
			);
			name = dddd;
			productName = dddd;
			productReference = D00D32BB2057AA7700908B7B /* dddd.app */;
			productType = "com.apple.product-type.application";
		};
/* End PBXNativeTarget section */

/* Begin PBXProject section */
		D00D32B32057AA7700908B7B /* Project object */ = {
			isa = PBXProject;
			attributes = {
				LastSwiftUpdateCheck = 0920;
				LastUpgradeCheck = 0920;
				ORGANIZATIONNAME = zhaoxiaodong;
				TargetAttributes = {
					D00D32BA2057AA7700908B7B = {
						CreatedOnToolsVersion = 9.2;
						ProvisioningStyle = Automatic;
					};
				};
			};
			buildConfigurationList = D00D32B62057AA7700908B7B /* Build configuration list for PBXProject "dddd" */;
			compatibilityVersion = "Xcode 8.0";
			developmentRegion = en;
			hasScannedForEncodings = 0;
			knownRegions = (
				en,
				Base,
			);
			mainGroup = D00D32B22057AA7700908B7B;
			productRefGroup = D00D32BC2057AA7700908B7B /* Products */;
			projectDirPath = "";
			projectRoot = "";
			targets = (
				D00D32BA2057AA7700908B7B /* dddd */,
			);
		};
/* End PBXProject section */

/* Begin PBXResourcesBuildPhase section */
		D00D32B92057AA7700908B7B /* Resources */ = {
			isa = PBXResourcesBuildPhase;
			buildActionMask = 2147483647;
			files = (
				D00D32C92057AA7700908B7B /* LaunchScreen.storyboard in Resources */,
				D00D32C62057AA7700908B7B /* Assets.xcassets in Resources */,
				D00D32C42057AA7700908B7B /* Main.storyboard in Resources */,
			);
			runOnlyForDeploymentPostprocessing = 0;
		};
/* End PBXResourcesBuildPhase section */

/* Begin PBXShellScriptBuildPhase section */
		2610F9C9F1EBC5C38517771E /* [CP] Embed Pods Frameworks */ = {
			isa = PBXShellScriptBuildPhase;
			buildActionMask = 2147483647;
			files = (
			);
			inputPaths = (
				"${SRCROOT}/Pods/Target Support Files/Pods-dddd/Pods-dddd-frameworks.sh",
				"${BUILT_PRODUCTS_DIR}/Alamofire/Alamofire.framework",
				"${BUILT_PRODUCTS_DIR}/Kingfisher/Kingfisher.framework",
			);
			name = "[CP] Embed Pods Frameworks";
			outputPaths = (
				"${TARGET_BUILD_DIR}/${FRAMEWORKS_FOLDER_PATH}/Alamofire.framework",
				"${TARGET_BUILD_DIR}/${FRAMEWORKS_FOLDER_PATH}/Kingfisher.framework",
				"",
			);
			runOnlyForDeploymentPostprocessing = 0;
			shellPath = /bin/sh;
			shellScript = "\"${SRCROOT}/Pods/Target Support Files/Pods-dddd/Pods-dddd-frameworks.sh\"\n";
			showEnvVarsInLog = 0;
		};
		7BF2DA990880A2F0CBDD7E0E /* [CP] Check Pods Manifest.lock */ = {
			isa = PBXShellScriptBuildPhase;
			buildActionMask = 2147483647;
			files = (
			);
			inputPaths = (
				"${PODS_PODFILE_DIR_PATH}/Podfile.lock",
				"${PODS_ROOT}/Manifest.lock",
			);
			name = "[CP] Check Pods Manifest.lock";
			outputPaths = (
				"$(DERIVED_FILE_DIR)/Pods-dddd-checkManifestLockResult.txt",
			);
			runOnlyForDeploymentPostprocessing = 0;
			shellPath = /bin/sh;
			shellScript = "diff \"${PODS_PODFILE_DIR_PATH}/Podfile.lock\" \"${PODS_ROOT}/Manifest.lock\" > /dev/null\nif [ $? != 0 ] ; then\n    # print error to STDERR\n    echo \"error: The sandbox is not in sync with the Podfile.lock. Run 'pod install' or update your CocoaPods installation.\" >&2\n    exit 1\nfi\n# This output is used by Xcode 'outputs' to avoid re-running this script phase.\necho \"SUCCESS\" > \"${SCRIPT_OUTPUT_FILE_0}\"\n";
			showEnvVarsInLog = 0;
		};
		C8D712CA2D28F644A9BC6F44 /* [CP] Copy Pods Resources */ = {
			isa = PBXShellScriptBuildPhase;
			buildActionMask = 2147483647;
			files = (
			);
			inputPaths = (
			);
			name = "[CP] Copy Pods Resources";
			outputPaths = (
			);
			runOnlyForDeploymentPostprocessing = 0;
			shellPath = /bin/sh;
			shellScript = "\"${SRCROOT}/Pods/Target Support Files/Pods-dddd/Pods-dddd-resources.sh\"\n";
			showEnvVarsInLog = 0;
		};
/* End PBXShellScriptBuildPhase section */

/* Begin PBXSourcesBuildPhase section */
		D00D32B72057AA7700908B7B /* Sources */ = {
			isa = PBXSourcesBuildPhase;
			buildActionMask = 2147483647;
			files = (
				D00D32BF2057AA7700908B7B /* AppDelegate.swift in Sources */,
				D00D33342057B60400908B7B /* MainVC.swift in Sources */,
			);
			runOnlyForDeploymentPostprocessing = 0;
		};
/* End PBXSourcesBuildPhase section */

/* Begin PBXVariantGroup section */
		D00D32C22057AA7700908B7B /* Main.storyboard */ = {
			isa = PBXVariantGroup;
			children = (
				D00D32C32057AA7700908B7B /* Base */,
			);
			name = Main.storyboard;
			sourceTree = "<group>";
		};
		D00D32C72057AA7700908B7B /* LaunchScreen.storyboard */ = {
			isa = PBXVariantGroup;
			children = (
				D00D32C82057AA7700908B7B /* Base */,
			);
			name = LaunchScreen.storyboard;
			sourceTree = "<group>";
		};
/* End PBXVariantGroup section */

/* Begin XCBuildConfiguration section */
		D00D32CB2057AA7700908B7B /* Debug */ = {
			isa = XCBuildConfiguration;
			buildSettings = {
				ALWAYS_SEARCH_USER_PATHS = NO;
				CLANG_ANALYZER_NONNULL = YES;
				CLANG_ANALYZER_NUMBER_OBJECT_CONVERSION = YES_AGGRESSIVE;
				CLANG_CXX_LANGUAGE_STANDARD = "gnu++14";
				CLANG_CXX_LIBRARY = "libc++";
				CLANG_ENABLE_MODULES = YES;
				CLANG_ENABLE_OBJC_ARC = YES;
				CLANG_WARN_BLOCK_CAPTURE_AUTORELEASING = YES;
				CLANG_WARN_BOOL_CONVERSION = YES;
				CLANG_WARN_COMMA = YES;
				CLANG_WARN_CONSTANT_CONVERSION = YES;
				CLANG_WARN_DIRECT_OBJC_ISA_USAGE = YES_ERROR;
				CLANG_WARN_DOCUMENTATION_COMMENTS = YES;
				CLANG_WARN_EMPTY_BODY = YES;
				CLANG_WARN_ENUM_CONVERSION = YES;
				CLANG_WARN_INFINITE_RECURSION = YES;
				CLANG_WARN_INT_CONVERSION = YES;
				CLANG_WARN_NON_LITERAL_NULL_CONVERSION = YES;
				CLANG_WARN_OBJC_LITERAL_CONVERSION = YES;
				CLANG_WARN_OBJC_ROOT_CLASS = YES_ERROR;
				CLANG_WARN_RANGE_LOOP_ANALYSIS = YES;
				CLANG_WARN_STRICT_PROTOTYPES = YES;
				CLANG_WARN_SUSPICIOUS_MOVE = YES;
				CLANG_WARN_UNGUARDED_AVAILABILITY = YES_AGGRESSIVE;
				CLANG_WARN_UNREACHABLE_CODE = YES;
				CLANG_WARN__DUPLICATE_METHOD_MATCH = YES;
				CODE_SIGN_IDENTITY = "iPhone Developer";
				COPY_PHASE_STRIP = NO;
				DEBUG_INFORMATION_FORMAT = dwarf;
				ENABLE_STRICT_OBJC_MSGSEND = YES;
				ENABLE_TESTABILITY = YES;
				GCC_C_LANGUAGE_STANDARD = gnu11;
				GCC_DYNAMIC_NO_PIC = NO;
				GCC_NO_COMMON_BLOCKS = YES;
				GCC_OPTIMIZATION_LEVEL = 0;
				GCC_PREPROCESSOR_DEFINITIONS = (
					"DEBUG=1",
					"$(inherited)",
				);
				GCC_WARN_64_TO_32_BIT_CONVERSION = YES;
				GCC_WARN_ABOUT_RETURN_TYPE = YES_ERROR;
				GCC_WARN_UNDECLARED_SELECTOR = YES;
				GCC_WARN_UNINITIALIZED_AUTOS = YES_AGGRESSIVE;
				GCC_WARN_UNUSED_FUNCTION = YES;
				GCC_WARN_UNUSED_VARIABLE = YES;
				IPHONEOS_DEPLOYMENT_TARGET = 9.0;
				MTL_ENABLE_DEBUG_INFO = YES;
				ONLY_ACTIVE_ARCH = YES;
				SDKROOT = iphoneos;
				SWIFT_ACTIVE_COMPILATION_CONDITIONS = DEBUG;
				SWIFT_OPTIMIZATION_LEVEL = "-Onone";
			};
			name = Debug;
		};
		D00D32CC2057AA7700908B7B /* Release */ = {
			isa = XCBuildConfiguration;
			buildSettings = {
				ALWAYS_SEARCH_USER_PATHS = NO;
				CLANG_ANALYZER_NONNULL = YES;
				CLANG_ANALYZER_NUMBER_OBJECT_CONVERSION = YES_AGGRESSIVE;
				CLANG_CXX_LANGUAGE_STANDARD = "gnu++14";
				CLANG_CXX_LIBRARY = "libc++";
				CLANG_ENABLE_MODULES = YES;
				CLANG_ENABLE_OBJC_ARC = YES;
				CLANG_WARN_BLOCK_CAPTURE_AUTORELEASING = YES;
				CLANG_WARN_BOOL_CONVERSION = YES;
				CLANG_WARN_COMMA = YES;
				CLANG_WARN_CONSTANT_CONVERSION = YES;
				CLANG_WARN_DIRECT_OBJC_ISA_USAGE = YES_ERROR;
				CLANG_WARN_DOCUMENTATION_COMMENTS = YES;
				CLANG_WARN_EMPTY_BODY = YES;
				CLANG_WARN_ENUM_CONVERSION = YES;
				CLANG_WARN_INFINITE_RECURSION = YES;
				CLANG_WARN_INT_CONVERSION = YES;
				CLANG_WARN_NON_LITERAL_NULL_CONVERSION = YES;
				CLANG_WARN_OBJC_LITERAL_CONVERSION = YES;
				CLANG_WARN_OBJC_ROOT_CLASS = YES_ERROR;
				CLANG_WARN_RANGE_LOOP_ANALYSIS = YES;
				CLANG_WARN_STRICT_PROTOTYPES = YES;
				CLANG_WARN_SUSPICIOUS_MOVE = YES;
				CLANG_WARN_UNGUARDED_AVAILABILITY = YES_AGGRESSIVE;
				CLANG_WARN_UNREACHABLE_CODE = YES;
				CLANG_WARN__DUPLICATE_METHOD_MATCH = YES;
				CODE_SIGN_IDENTITY = "iPhone Developer";
				COPY_PHASE_STRIP = NO;
				DEBUG_INFORMATION_FORMAT = "dwarf-with-dsym";
				ENABLE_NS_ASSERTIONS = NO;
				ENABLE_STRICT_OBJC_MSGSEND = YES;
				GCC_C_LANGUAGE_STANDARD = gnu11;
				GCC_NO_COMMON_BLOCKS = YES;
				GCC_WARN_64_TO_32_BIT_CONVERSION = YES;
				GCC_WARN_ABOUT_RETURN_TYPE = YES_ERROR;
				GCC_WARN_UNDECLARED_SELECTOR = YES;
				GCC_WARN_UNINITIALIZED_AUTOS = YES_AGGRESSIVE;
				GCC_WARN_UNUSED_FUNCTION = YES;
				GCC_WARN_UNUSED_VARIABLE = YES;
				IPHONEOS_DEPLOYMENT_TARGET = 9.0;
				MTL_ENABLE_DEBUG_INFO = NO;
				SDKROOT = iphoneos;
				SWIFT_OPTIMIZATION_LEVEL = "-Owholemodule";
				VALIDATE_PRODUCT = YES;
			};
			name = Release;
		};
		D00D32CE2057AA7700908B7B /* Debug */ = {
			isa = XCBuildConfiguration;
			baseConfigurationReference = BBC913D71C9B0D0EC905D269 /* Pods-dddd.debug.xcconfig */;
			buildSettings = {
				ASSETCATALOG_COMPILER_APPICON_NAME = AppIcon;
				CODE_SIGN_STYLE = Automatic;
				DEVELOPMENT_TEAM = XD2MFZ24QQ;
				FRAMEWORK_SEARCH_PATHS = (
					"$(inherited)",
					"$(PROJECT_DIR)",
					"$(PROJECT_DIR)/dddd",
				);
				INFOPLIST_FILE = dddd/Info.plist;
				IPHONEOS_DEPLOYMENT_TARGET = 9.0;
				LD_RUNPATH_SEARCH_PATHS = "$(inherited) @executable_path/Frameworks";
				PRODUCT_BUNDLE_IDENTIFIER = dd.dddd;
				PRODUCT_NAME = "$(TARGET_NAME)";
				SWIFT_VERSION = 3.0;
				TARGETED_DEVICE_FAMILY = "1,2";
			};
			name = Debug;
		};
		D00D32CF2057AA7700908B7B /* Release */ = {
			isa = XCBuildConfiguration;
			baseConfigurationReference = 4D3E8A212AB1BA57D584A78C /* Pods-dddd.release.xcconfig */;
			buildSettings = {
				ASSETCATALOG_COMPILER_APPICON_NAME = AppIcon;
				CODE_SIGN_STYLE = Automatic;
				DEVELOPMENT_TEAM = XD2MFZ24QQ;
				FRAMEWORK_SEARCH_PATHS = (
					"$(inherited)",
					"$(PROJECT_DIR)",
					"$(PROJECT_DIR)/dddd",
				);
				INFOPLIST_FILE = dddd/Info.plist;
				IPHONEOS_DEPLOYMENT_TARGET = 9.0;
				LD_RUNPATH_SEARCH_PATHS = "$(inherited) @executable_path/Frameworks";
				PRODUCT_BUNDLE_IDENTIFIER = dd.dddd;
				PRODUCT_NAME = "$(TARGET_NAME)";
				SWIFT_VERSION = 3.0;
				TARGETED_DEVICE_FAMILY = "1,2";
			};
			name = Release;
		};
/* End XCBuildConfiguration section */

/* Begin XCConfigurationList section */
		D00D32B62057AA7700908B7B /* Build configuration list for PBXProject "dddd" */ = {
			isa = XCConfigurationList;
			buildConfigurations = (
				D00D32CB2057AA7700908B7B /* Debug */,
				D00D32CC2057AA7700908B7B /* Release */,
			);
			defaultConfigurationIsVisible = 0;
			defaultConfigurationName = Release;
		};
		D00D32CD2057AA7700908B7B /* Build configuration list for PBXNativeTarget "dddd" */ = {
			isa = XCConfigurationList;
			buildConfigurations = (
				D00D32CE2057AA7700908B7B /* Debug */,
				D00D32CF2057AA7700908B7B /* Release */,
			);
			defaultConfigurationIsVisible = 0;
			defaultConfigurationName = Release;
		};
/* End XCConfigurationList section */
	};
	rootObject = D00D32B32057AA7700908B7B /* Project object */;
}
